// !$*UTF8*$!
{
	archiveVersion = 1;
	classes = {
	};
	objectVersion = 56;
	objects = {

/* Begin PBXBuildFile section */
		61323BF72B0B4C5E00D5BB47 /* EmailView.swift in Sources */ = {isa = PBXBuildFile; fileRef = 61323BF62B0B4C5E00D5BB47 /* EmailView.swift */; };
		61323BF92B0B4CBB00D5BB47 /* PhoneView.swift in Sources */ = {isa = PBXBuildFile; fileRef = 61323BF82B0B4CBB00D5BB47 /* PhoneView.swift */; };
		61323BFB2B0B4D0B00D5BB47 /* GithubAccountView.swift in Sources */ = {isa = PBXBuildFile; fileRef = 61323BFA2B0B4D0B00D5BB47 /* GithubAccountView.swift */; };
		61323BFD2B0B4D7F00D5BB47 /* GithubProjectView.swift in Sources */ = {isa = PBXBuildFile; fileRef = 61323BFC2B0B4D7F00D5BB47 /* GithubProjectView.swift */; };
		61323BFF2B0B4DCB00D5BB47 /* ShareView.swift in Sources */ = {isa = PBXBuildFile; fileRef = 61323BFE2B0B4DCB00D5BB47 /* ShareView.swift */; };
		61323C012B0B4E6D00D5BB47 /* AppVersionView.swift in Sources */ = {isa = PBXBuildFile; fileRef = 61323C002B0B4E6D00D5BB47 /* AppVersionView.swift */; };
		61323C032B0B4ED100D5BB47 /* AddressView.swift in Sources */ = {isa = PBXBuildFile; fileRef = 61323C022B0B4ED100D5BB47 /* AddressView.swift */; };
		61323C062B0B6E1C00D5BB47 /* TextFieldView.swift in Sources */ = {isa = PBXBuildFile; fileRef = 61323C052B0B6E1C00D5BB47 /* TextFieldView.swift */; };
		61323C082B0CA8FC00D5BB47 /* RequestGasHistoryViewModel.swift in Sources */ = {isa = PBXBuildFile; fileRef = 61323C072B0CA8FC00D5BB47 /* RequestGasHistoryViewModel.swift */; };
		61323C0A2B0CC31300D5BB47 /* GasTimestampItem.swift in Sources */ = {isa = PBXBuildFile; fileRef = 61323C092B0CC31300D5BB47 /* GasTimestampItem.swift */; };
		61323C0D2B0CCF5D00D5BB47 /* SwiftUICharts in Frameworks */ = {isa = PBXBuildFile; productRef = 61323C0C2B0CCF5D00D5BB47 /* SwiftUICharts */; };
		61AA933E2B037ABF0049A024 /* BitTrustApp.swift in Sources */ = {isa = PBXBuildFile; fileRef = 61AA933D2B037ABF0049A024 /* BitTrustApp.swift */; };
		61AA93402B037ABF0049A024 /* MainView.swift in Sources */ = {isa = PBXBuildFile; fileRef = 61AA933F2B037ABF0049A024 /* MainView.swift */; };
		61AA93422B037AC00049A024 /* Assets.xcassets in Resources */ = {isa = PBXBuildFile; fileRef = 61AA93412B037AC00049A024 /* Assets.xcassets */; };
		61AA93452B037AC00049A024 /* Preview Assets.xcassets in Resources */ = {isa = PBXBuildFile; fileRef = 61AA93442B037AC00049A024 /* Preview Assets.xcassets */; };
		61AA93542B037BDE0049A024 /* NewsItem.swift in Sources */ = {isa = PBXBuildFile; fileRef = 61AA93532B037BDE0049A024 /* NewsItem.swift */; };
		61AA93562B037BEF0049A024 /* GasItem.swift in Sources */ = {isa = PBXBuildFile; fileRef = 61AA93552B037BEF0049A024 /* GasItem.swift */; };
		61AA935C2B037CA30049A024 /* GasSquareItem.swift in Sources */ = {isa = PBXBuildFile; fileRef = 61AA935B2B037CA30049A024 /* GasSquareItem.swift */; };
		61AA935E2B0383450049A024 /* GasRectItem.swift in Sources */ = {isa = PBXBuildFile; fileRef = 61AA935D2B0383450049A024 /* GasRectItem.swift */; };
		61AA93602B038F910049A024 /* NewsRow.swift in Sources */ = {isa = PBXBuildFile; fileRef = 61AA935F2B038F910049A024 /* NewsRow.swift */; };
		61AA93632B03B4140049A024 /* MainGasView.swift in Sources */ = {isa = PBXBuildFile; fileRef = 61AA93622B03B4140049A024 /* MainGasView.swift */; };
		61AA93652B03B95D0049A024 /* RequestGasInfoViewModel.swift in Sources */ = {isa = PBXBuildFile; fileRef = 61AA93642B03B95D0049A024 /* RequestGasInfoViewModel.swift */; };
		61AA93852B03BF040049A024 /* TabBarItem.swift in Sources */ = {isa = PBXBuildFile; fileRef = 61AA93842B03BF040049A024 /* TabBarItem.swift */; };
		61AA93872B03E0AB0049A024 /* CoinItem.swift in Sources */ = {isa = PBXBuildFile; fileRef = 61AA93862B03E0AB0049A024 /* CoinItem.swift */; };
		61AA938C2B03F9980049A024 /* RequestNewsItemViewModel.swift in Sources */ = {isa = PBXBuildFile; fileRef = 61AA938B2B03F9980049A024 /* RequestNewsItemViewModel.swift */; };
		61AA938E2B03FA880049A024 /* NewsView.swift in Sources */ = {isa = PBXBuildFile; fileRef = 61AA938D2B03FA880049A024 /* NewsView.swift */; };
		61AA93912B04C43D0049A024 /* Marquee in Frameworks */ = {isa = PBXBuildFile; productRef = 61AA93902B04C43D0049A024 /* Marquee */; };
		61AA93942B04CB040049A024 /* SafariView.swift in Sources */ = {isa = PBXBuildFile; fileRef = 61AA93932B04CB040049A024 /* SafariView.swift */; };
		61AA939A2B0533FB0049A024 /* SearchBarView.swift in Sources */ = {isa = PBXBuildFile; fileRef = 61AA93992B0533FB0049A024 /* SearchBarView.swift */; };
		61AA939C2B0534160049A024 /* QuoteResultRectView.swift in Sources */ = {isa = PBXBuildFile; fileRef = 61AA939B2B0534160049A024 /* QuoteResultRectView.swift */; };
		61AA939E2B053DCA0049A024 /* EmptyQuotesView.swift in Sources */ = {isa = PBXBuildFile; fileRef = 61AA939D2B053DCA0049A024 /* EmptyQuotesView.swift */; };
		61AA93A12B0612720049A024 /* RequestQuotesViewModel.swift in Sources */ = {isa = PBXBuildFile; fileRef = 61AA93A02B0612720049A024 /* RequestQuotesViewModel.swift */; };
		61AA93D92B06713D0049A024 /* TapticFeedback.swift in Sources */ = {isa = PBXBuildFile; fileRef = 61AA93D82B06713D0049A024 /* TapticFeedback.swift */; };
		61AA93DB2B078D830049A024 /* SettingsView.swift in Sources */ = {isa = PBXBuildFile; fileRef = 61AA93DA2B078D830049A024 /* SettingsView.swift */; };
/* End PBXBuildFile section */

/* Begin PBXCopyFilesBuildPhase section */
		61AA93822B03BA030049A024 /* Embed Foundation Extensions */ = {
			isa = PBXCopyFilesBuildPhase;
			buildActionMask = 2147483647;
			dstPath = "";
			dstSubfolderSpec = 13;
			files = (
			);
			name = "Embed Foundation Extensions";
			runOnlyForDeploymentPostprocessing = 0;
		};
/* End PBXCopyFilesBuildPhase section */

/* Begin PBXFileReference section */
		61323BF62B0B4C5E00D5BB47 /* EmailView.swift */ = {isa = PBXFileReference; lastKnownFileType = sourcecode.swift; path = EmailView.swift; sourceTree = "<group>"; };
		61323BF82B0B4CBB00D5BB47 /* PhoneView.swift */ = {isa = PBXFileReference; lastKnownFileType = sourcecode.swift; path = PhoneView.swift; sourceTree = "<group>"; };
		61323BFA2B0B4D0B00D5BB47 /* GithubAccountView.swift */ = {isa = PBXFileReference; lastKnownFileType = sourcecode.swift; path = GithubAccountView.swift; sourceTree = "<group>"; };
		61323BFC2B0B4D7F00D5BB47 /* GithubProjectView.swift */ = {isa = PBXFileReference; lastKnownFileType = sourcecode.swift; path = GithubProjectView.swift; sourceTree = "<group>"; };
		61323BFE2B0B4DCB00D5BB47 /* ShareView.swift */ = {isa = PBXFileReference; lastKnownFileType = sourcecode.swift; path = ShareView.swift; sourceTree = "<group>"; };
		61323C002B0B4E6D00D5BB47 /* AppVersionView.swift */ = {isa = PBXFileReference; lastKnownFileType = sourcecode.swift; path = AppVersionView.swift; sourceTree = "<group>"; };
		61323C022B0B4ED100D5BB47 /* AddressView.swift */ = {isa = PBXFileReference; lastKnownFileType = sourcecode.swift; path = AddressView.swift; sourceTree = "<group>"; };
		61323C052B0B6E1C00D5BB47 /* TextFieldView.swift */ = {isa = PBXFileReference; lastKnownFileType = sourcecode.swift; path = TextFieldView.swift; sourceTree = "<group>"; };
		61323C072B0CA8FC00D5BB47 /* RequestGasHistoryViewModel.swift */ = {isa = PBXFileReference; lastKnownFileType = sourcecode.swift; path = RequestGasHistoryViewModel.swift; sourceTree = "<group>"; };
		61323C092B0CC31300D5BB47 /* GasTimestampItem.swift */ = {isa = PBXFileReference; lastKnownFileType = sourcecode.swift; path = GasTimestampItem.swift; sourceTree = "<group>"; };
		61AA933A2B037ABF0049A024 /* BitTrust.app */ = {isa = PBXFileReference; explicitFileType = wrapper.application; includeInIndex = 0; path = BitTrust.app; sourceTree = BUILT_PRODUCTS_DIR; };
		61AA933D2B037ABF0049A024 /* BitTrustApp.swift */ = {isa = PBXFileReference; lastKnownFileType = sourcecode.swift; path = BitTrustApp.swift; sourceTree = "<group>"; };
		61AA933F2B037ABF0049A024 /* MainView.swift */ = {isa = PBXFileReference; lastKnownFileType = sourcecode.swift; path = MainView.swift; sourceTree = "<group>"; };
		61AA93412B037AC00049A024 /* Assets.xcassets */ = {isa = PBXFileReference; lastKnownFileType = folder.assetcatalog; path = Assets.xcassets; sourceTree = "<group>"; };
		61AA93442B037AC00049A024 /* Preview Assets.xcassets */ = {isa = PBXFileReference; lastKnownFileType = folder.assetcatalog; path = "Preview Assets.xcassets"; sourceTree = "<group>"; };
		61AA93532B037BDE0049A024 /* NewsItem.swift */ = {isa = PBXFileReference; lastKnownFileType = sourcecode.swift; path = NewsItem.swift; sourceTree = "<group>"; };
		61AA93552B037BEF0049A024 /* GasItem.swift */ = {isa = PBXFileReference; lastKnownFileType = sourcecode.swift; path = GasItem.swift; sourceTree = "<group>"; };
		61AA935B2B037CA30049A024 /* GasSquareItem.swift */ = {isa = PBXFileReference; lastKnownFileType = sourcecode.swift; path = GasSquareItem.swift; sourceTree = "<group>"; };
		61AA935D2B0383450049A024 /* GasRectItem.swift */ = {isa = PBXFileReference; lastKnownFileType = sourcecode.swift; path = GasRectItem.swift; sourceTree = "<group>"; };
		61AA935F2B038F910049A024 /* NewsRow.swift */ = {isa = PBXFileReference; lastKnownFileType = sourcecode.swift; path = NewsRow.swift; sourceTree = "<group>"; };
		61AA93622B03B4140049A024 /* MainGasView.swift */ = {isa = PBXFileReference; lastKnownFileType = sourcecode.swift; path = MainGasView.swift; sourceTree = "<group>"; };
		61AA93642B03B95D0049A024 /* RequestGasInfoViewModel.swift */ = {isa = PBXFileReference; lastKnownFileType = sourcecode.swift; path = RequestGasInfoViewModel.swift; sourceTree = "<group>"; };
		61AA936E2B03BA020049A024 /* SwiftUI.framework */ = {isa = PBXFileReference; lastKnownFileType = wrapper.framework; name = SwiftUI.framework; path = System/Library/Frameworks/SwiftUI.framework; sourceTree = SDKROOT; };
		61AA93842B03BF040049A024 /* TabBarItem.swift */ = {isa = PBXFileReference; lastKnownFileType = sourcecode.swift; path = TabBarItem.swift; sourceTree = "<group>"; };
		61AA93862B03E0AB0049A024 /* CoinItem.swift */ = {isa = PBXFileReference; lastKnownFileType = sourcecode.swift; path = CoinItem.swift; sourceTree = "<group>"; };
		61AA938B2B03F9980049A024 /* RequestNewsItemViewModel.swift */ = {isa = PBXFileReference; lastKnownFileType = sourcecode.swift; path = RequestNewsItemViewModel.swift; sourceTree = "<group>"; };
		61AA938D2B03FA880049A024 /* NewsView.swift */ = {isa = PBXFileReference; lastKnownFileType = sourcecode.swift; path = NewsView.swift; sourceTree = "<group>"; };
		61AA93932B04CB040049A024 /* SafariView.swift */ = {isa = PBXFileReference; lastKnownFileType = sourcecode.swift; path = SafariView.swift; sourceTree = "<group>"; };
		61AA93992B0533FB0049A024 /* SearchBarView.swift */ = {isa = PBXFileReference; lastKnownFileType = sourcecode.swift; path = SearchBarView.swift; sourceTree = "<group>"; };
		61AA939B2B0534160049A024 /* QuoteResultRectView.swift */ = {isa = PBXFileReference; lastKnownFileType = sourcecode.swift; path = QuoteResultRectView.swift; sourceTree = "<group>"; };
		61AA939D2B053DCA0049A024 /* EmptyQuotesView.swift */ = {isa = PBXFileReference; lastKnownFileType = sourcecode.swift; path = EmptyQuotesView.swift; sourceTree = "<group>"; };
		61AA93A02B0612720049A024 /* RequestQuotesViewModel.swift */ = {isa = PBXFileReference; lastKnownFileType = sourcecode.swift; path = RequestQuotesViewModel.swift; sourceTree = "<group>"; };
		61AA93D82B06713D0049A024 /* TapticFeedback.swift */ = {isa = PBXFileReference; lastKnownFileType = sourcecode.swift; path = TapticFeedback.swift; sourceTree = "<group>"; };
		61AA93DA2B078D830049A024 /* SettingsView.swift */ = {isa = PBXFileReference; lastKnownFileType = sourcecode.swift; path = SettingsView.swift; sourceTree = "<group>"; };
/* End PBXFileReference section */

/* Begin PBXFrameworksBuildPhase section */
		61AA93372B037ABF0049A024 /* Frameworks */ = {
			isa = PBXFrameworksBuildPhase;
			buildActionMask = 2147483647;
			files = (
				61AA93912B04C43D0049A024 /* Marquee in Frameworks */,
				61323C0D2B0CCF5D00D5BB47 /* SwiftUICharts in Frameworks */,
			);
			runOnlyForDeploymentPostprocessing = 0;
		};
/* End PBXFrameworksBuildPhase section */

/* Begin PBXGroup section */
		61323BF32B0B4B1F00D5BB47 /* Components */ = {
			isa = PBXGroup;
			children = (
				61323BF52B0B4B3600D5BB47 /* AboutSection */,
				61323BF42B0B4B2D00D5BB47 /* SupportDevSection */,
			);
			path = Components;
			sourceTree = "<group>";
		};
		61323BF42B0B4B2D00D5BB47 /* SupportDevSection */ = {
			isa = PBXGroup;
			children = (
				61323C022B0B4ED100D5BB47 /* AddressView.swift */,
			);
			path = SupportDevSection;
			sourceTree = "<group>";
		};
		61323BF52B0B4B3600D5BB47 /* AboutSection */ = {
			isa = PBXGroup;
			children = (
				61323BF62B0B4C5E00D5BB47 /* EmailView.swift */,
				61323BF82B0B4CBB00D5BB47 /* PhoneView.swift */,
				61323BFA2B0B4D0B00D5BB47 /* GithubAccountView.swift */,
				61323BFC2B0B4D7F00D5BB47 /* GithubProjectView.swift */,
				61323BFE2B0B4DCB00D5BB47 /* ShareView.swift */,
				61323C002B0B4E6D00D5BB47 /* AppVersionView.swift */,
			);
			path = AboutSection;
			sourceTree = "<group>";
		};
		61323C042B0B6E0800D5BB47 /* Components */ = {
			isa = PBXGroup;
			children = (
				61AA939D2B053DCA0049A024 /* EmptyQuotesView.swift */,
				61323C052B0B6E1C00D5BB47 /* TextFieldView.swift */,
				61AA939B2B0534160049A024 /* QuoteResultRectView.swift */,
			);
			path = Components;
			sourceTree = "<group>";
		};
		61AA93312B037ABF0049A024 = {
			isa = PBXGroup;
			children = (
				61AA933C2B037ABF0049A024 /* BitTrust */,
				61AA936B2B03BA020049A024 /* Frameworks */,
				61AA933B2B037ABF0049A024 /* Products */,
			);
			sourceTree = "<group>";
		};
		61AA933B2B037ABF0049A024 /* Products */ = {
			isa = PBXGroup;
			children = (
				61AA933A2B037ABF0049A024 /* BitTrust.app */,
			);
			name = Products;
			sourceTree = "<group>";
		};
		61AA933C2B037ABF0049A024 /* BitTrust */ = {
			isa = PBXGroup;
			children = (
				61AA934B2B037AF80049A024 /* Model */,
				61AA934C2B037B020049A024 /* View */,
				61AA934D2B037B090049A024 /* View Model */,
				61AA933D2B037ABF0049A024 /* BitTrustApp.swift */,
				61AA93412B037AC00049A024 /* Assets.xcassets */,
				61AA93432B037AC00049A024 /* Preview Content */,
			);
			path = BitTrust;
			sourceTree = "<group>";
		};
		61AA93432B037AC00049A024 /* Preview Content */ = {
			isa = PBXGroup;
			children = (
				61AA93442B037AC00049A024 /* Preview Assets.xcassets */,
			);
			path = "Preview Content";
			sourceTree = "<group>";
		};
		61AA934B2B037AF80049A024 /* Model */ = {
			isa = PBXGroup;
			children = (
				61AA93532B037BDE0049A024 /* NewsItem.swift */,
				61AA93552B037BEF0049A024 /* GasItem.swift */,
				61AA93862B03E0AB0049A024 /* CoinItem.swift */,
				61323C092B0CC31300D5BB47 /* GasTimestampItem.swift */,
			);
			path = Model;
			sourceTree = "<group>";
		};
		61AA934C2B037B020049A024 /* View */ = {
			isa = PBXGroup;
			children = (
				61AA938A2B03F7530049A024 /* Quotes */,
				61AA93892B03F7390049A024 /* Alarms */,
				61AA93882B03F72B0049A024 /* Settings */,
				61AA93832B03BEE50049A024 /* TabBar */,
				61AA93502B037B490049A024 /* NewsFeed */,
				61AA935A2B037C340049A024 /* GasViews */,
				61AA933F2B037ABF0049A024 /* MainView.swift */,
			);
			path = View;
			sourceTree = "<group>";
		};
		61AA934D2B037B090049A024 /* View Model */ = {
			isa = PBXGroup;
			children = (
				61AA93922B04CAF70049A024 /* Safari */,
				61AA93592B037C120049A024 /* MetamaskSDK */,
				61AA93582B037C080049A024 /* GetNewsItems */,
				61AA939F2B0612400049A024 /* GetQuotes */,
				61AA93572B037BFD0049A024 /* GetGasInfo */,
				61AA93D82B06713D0049A024 /* TapticFeedback.swift */,
			);
			path = "View Model";
			sourceTree = "<group>";
		};
		61AA934E2B037B270049A024 /* GasItems */ = {
			isa = PBXGroup;
			children = (
				61AA935B2B037CA30049A024 /* GasSquareItem.swift */,
				61AA935D2B0383450049A024 /* GasRectItem.swift */,
			);
			path = GasItems;
			sourceTree = "<group>";
		};
		61AA93502B037B490049A024 /* NewsFeed */ = {
			isa = PBXGroup;
			children = (
				61AA935F2B038F910049A024 /* NewsRow.swift */,
				61AA938D2B03FA880049A024 /* NewsView.swift */,
			);
			path = NewsFeed;
			sourceTree = "<group>";
		};
		61AA93572B037BFD0049A024 /* GetGasInfo */ = {
			isa = PBXGroup;
			children = (
				61AA93642B03B95D0049A024 /* RequestGasInfoViewModel.swift */,
				61323C072B0CA8FC00D5BB47 /* RequestGasHistoryViewModel.swift */,
			);
			path = GetGasInfo;
			sourceTree = "<group>";
		};
		61AA93582B037C080049A024 /* GetNewsItems */ = {
			isa = PBXGroup;
			children = (
				61AA938B2B03F9980049A024 /* RequestNewsItemViewModel.swift */,
			);
			path = GetNewsItems;
			sourceTree = "<group>";
		};
		61AA93592B037C120049A024 /* MetamaskSDK */ = {
			isa = PBXGroup;
			children = (
			);
			path = MetamaskSDK;
			sourceTree = "<group>";
		};
		61AA935A2B037C340049A024 /* GasViews */ = {
			isa = PBXGroup;
			children = (
				61AA934E2B037B270049A024 /* GasItems */,
				61AA93622B03B4140049A024 /* MainGasView.swift */,
			);
			path = GasViews;
			sourceTree = "<group>";
		};
		61AA936B2B03BA020049A024 /* Frameworks */ = {
			isa = PBXGroup;
			children = (
				61AA936E2B03BA020049A024 /* SwiftUI.framework */,
			);
			name = Frameworks;
			sourceTree = "<group>";
		};
		61AA93832B03BEE50049A024 /* TabBar */ = {
			isa = PBXGroup;
			children = (
				61AA93842B03BF040049A024 /* TabBarItem.swift */,
			);
			path = TabBar;
			sourceTree = "<group>";
		};
		61AA93882B03F72B0049A024 /* Settings */ = {
			isa = PBXGroup;
			children = (
				61323BF32B0B4B1F00D5BB47 /* Components */,
				61AA93DA2B078D830049A024 /* SettingsView.swift */,
			);
			path = Settings;
			sourceTree = "<group>";
		};
		61AA93892B03F7390049A024 /* Alarms */ = {
			isa = PBXGroup;
			children = (
			);
			path = Alarms;
			sourceTree = "<group>";
		};
		61AA938A2B03F7530049A024 /* Quotes */ = {
			isa = PBXGroup;
			children = (
				61323C042B0B6E0800D5BB47 /* Components */,
				61AA93992B0533FB0049A024 /* SearchBarView.swift */,
			);
			path = Quotes;
			sourceTree = "<group>";
		};
		61AA93922B04CAF70049A024 /* Safari */ = {
			isa = PBXGroup;
			children = (
				61AA93932B04CB040049A024 /* SafariView.swift */,
			);
			path = Safari;
			sourceTree = "<group>";
		};
		61AA939F2B0612400049A024 /* GetQuotes */ = {
			isa = PBXGroup;
			children = (
				61AA93A02B0612720049A024 /* RequestQuotesViewModel.swift */,
			);
			path = GetQuotes;
			sourceTree = "<group>";
		};
/* End PBXGroup section */

/* Begin PBXNativeTarget section */
		61AA93392B037ABF0049A024 /* BitTrust */ = {
			isa = PBXNativeTarget;
			buildConfigurationList = 61AA93482B037AC00049A024 /* Build configuration list for PBXNativeTarget "BitTrust" */;
			buildPhases = (
				61AA93362B037ABF0049A024 /* Sources */,
				61AA93372B037ABF0049A024 /* Frameworks */,
				61AA93382B037ABF0049A024 /* Resources */,
				61AA93822B03BA030049A024 /* Embed Foundation Extensions */,
			);
			buildRules = (
			);
			dependencies = (
			);
			name = BitTrust;
			packageProductDependencies = (
				61AA93902B04C43D0049A024 /* Marquee */,
				61323C0C2B0CCF5D00D5BB47 /* SwiftUICharts */,
			);
			productName = BitTrust;
			productReference = 61AA933A2B037ABF0049A024 /* BitTrust.app */;
			productType = "com.apple.product-type.application";
		};
/* End PBXNativeTarget section */

/* Begin PBXProject section */
		61AA93322B037ABF0049A024 /* Project object */ = {
			isa = PBXProject;
			attributes = {
				BuildIndependentTargetsInParallel = 1;
				LastSwiftUpdateCheck = 1500;
				LastUpgradeCheck = 1500;
				TargetAttributes = {
					61AA93392B037ABF0049A024 = {
						CreatedOnToolsVersion = 15.0;
					};
				};
			};
			buildConfigurationList = 61AA93352B037ABF0049A024 /* Build configuration list for PBXProject "BitTrust" */;
			compatibilityVersion = "Xcode 14.0";
			developmentRegion = en;
			hasScannedForEncodings = 0;
			knownRegions = (
				en,
				Base,
			);
			mainGroup = 61AA93312B037ABF0049A024;
			packageReferences = (
				61AA938F2B04C43D0049A024 /* XCRemoteSwiftPackageReference "Marquee" */,
				61323C0B2B0CCF5D00D5BB47 /* XCRemoteSwiftPackageReference "ChartView" */,
			);
			productRefGroup = 61AA933B2B037ABF0049A024 /* Products */;
			projectDirPath = "";
			projectRoot = "";
			targets = (
				61AA93392B037ABF0049A024 /* BitTrust */,
			);
		};
/* End PBXProject section */

/* Begin PBXResourcesBuildPhase section */
		61AA93382B037ABF0049A024 /* Resources */ = {
			isa = PBXResourcesBuildPhase;
			buildActionMask = 2147483647;
			files = (
				61AA93452B037AC00049A024 /* Preview Assets.xcassets in Resources */,
				61AA93422B037AC00049A024 /* Assets.xcassets in Resources */,
			);
			runOnlyForDeploymentPostprocessing = 0;
		};
/* End PBXResourcesBuildPhase section */

/* Begin PBXSourcesBuildPhase section */
		61AA93362B037ABF0049A024 /* Sources */ = {
			isa = PBXSourcesBuildPhase;
			buildActionMask = 2147483647;
			files = (
				61AA935E2B0383450049A024 /* GasRectItem.swift in Sources */,
				61AA93872B03E0AB0049A024 /* CoinItem.swift in Sources */,
				61AA935C2B037CA30049A024 /* GasSquareItem.swift in Sources */,
				61AA93A12B0612720049A024 /* RequestQuotesViewModel.swift in Sources */,
				61AA93852B03BF040049A024 /* TabBarItem.swift in Sources */,
				61323C0A2B0CC31300D5BB47 /* GasTimestampItem.swift in Sources */,
				61AA93402B037ABF0049A024 /* MainView.swift in Sources */,
				61AA93652B03B95D0049A024 /* RequestGasInfoViewModel.swift in Sources */,
				61323BFD2B0B4D7F00D5BB47 /* GithubProjectView.swift in Sources */,
				61AA93942B04CB040049A024 /* SafariView.swift in Sources */,
				61AA93DB2B078D830049A024 /* SettingsView.swift in Sources */,
				61AA938C2B03F9980049A024 /* RequestNewsItemViewModel.swift in Sources */,
				61AA938E2B03FA880049A024 /* NewsView.swift in Sources */,
				61AA93542B037BDE0049A024 /* NewsItem.swift in Sources */,
				61AA93D92B06713D0049A024 /* TapticFeedback.swift in Sources */,
				61AA939C2B0534160049A024 /* QuoteResultRectView.swift in Sources */,
				61323C012B0B4E6D00D5BB47 /* AppVersionView.swift in Sources */,
				61AA939E2B053DCA0049A024 /* EmptyQuotesView.swift in Sources */,
				61AA939A2B0533FB0049A024 /* SearchBarView.swift in Sources */,
				61AA93562B037BEF0049A024 /* GasItem.swift in Sources */,
				61323BF72B0B4C5E00D5BB47 /* EmailView.swift in Sources */,
				61AA93602B038F910049A024 /* NewsRow.swift in Sources */,
				61323BFF2B0B4DCB00D5BB47 /* ShareView.swift in Sources */,
				61323C062B0B6E1C00D5BB47 /* TextFieldView.swift in Sources */,
				61323C082B0CA8FC00D5BB47 /* RequestGasHistoryViewModel.swift in Sources */,
				61AA933E2B037ABF0049A024 /* BitTrustApp.swift in Sources */,
				61323C032B0B4ED100D5BB47 /* AddressView.swift in Sources */,
				61323BFB2B0B4D0B00D5BB47 /* GithubAccountView.swift in Sources */,
				61AA93632B03B4140049A024 /* MainGasView.swift in Sources */,
				61323BF92B0B4CBB00D5BB47 /* PhoneView.swift in Sources */,
			);
			runOnlyForDeploymentPostprocessing = 0;
		};
/* End PBXSourcesBuildPhase section */

/* Begin XCBuildConfiguration section */
		61AA93462B037AC00049A024 /* Debug */ = {
			isa = XCBuildConfiguration;
			buildSettings = {
				ALWAYS_SEARCH_USER_PATHS = NO;
				ASSETCATALOG_COMPILER_GENERATE_SWIFT_ASSET_SYMBOL_EXTENSIONS = YES;
				CLANG_ANALYZER_NONNULL = YES;
				CLANG_ANALYZER_NUMBER_OBJECT_CONVERSION = YES_AGGRESSIVE;
				CLANG_CXX_LANGUAGE_STANDARD = "gnu++20";
				CLANG_ENABLE_MODULES = YES;
				CLANG_ENABLE_OBJC_ARC = YES;
				CLANG_ENABLE_OBJC_WEAK = YES;
				CLANG_WARN_BLOCK_CAPTURE_AUTORELEASING = YES;
				CLANG_WARN_BOOL_CONVERSION = YES;
				CLANG_WARN_COMMA = YES;
				CLANG_WARN_CONSTANT_CONVERSION = YES;
				CLANG_WARN_DEPRECATED_OBJC_IMPLEMENTATIONS = YES;
				CLANG_WARN_DIRECT_OBJC_ISA_USAGE = YES_ERROR;
				CLANG_WARN_DOCUMENTATION_COMMENTS = YES;
				CLANG_WARN_EMPTY_BODY = YES;
				CLANG_WARN_ENUM_CONVERSION = YES;
				CLANG_WARN_INFINITE_RECURSION = YES;
				CLANG_WARN_INT_CONVERSION = YES;
				CLANG_WARN_NON_LITERAL_NULL_CONVERSION = YES;
				CLANG_WARN_OBJC_IMPLICIT_RETAIN_SELF = YES;
				CLANG_WARN_OBJC_LITERAL_CONVERSION = YES;
				CLANG_WARN_OBJC_ROOT_CLASS = YES_ERROR;
				CLANG_WARN_QUOTED_INCLUDE_IN_FRAMEWORK_HEADER = YES;
				CLANG_WARN_RANGE_LOOP_ANALYSIS = YES;
				CLANG_WARN_STRICT_PROTOTYPES = YES;
				CLANG_WARN_SUSPICIOUS_MOVE = YES;
				CLANG_WARN_UNGUARDED_AVAILABILITY = YES_AGGRESSIVE;
				CLANG_WARN_UNREACHABLE_CODE = YES;
				CLANG_WARN__DUPLICATE_METHOD_MATCH = YES;
				COPY_PHASE_STRIP = NO;
				DEBUG_INFORMATION_FORMAT = dwarf;
				ENABLE_STRICT_OBJC_MSGSEND = YES;
				ENABLE_TESTABILITY = YES;
				ENABLE_USER_SCRIPT_SANDBOXING = YES;
				GCC_C_LANGUAGE_STANDARD = gnu17;
				GCC_DYNAMIC_NO_PIC = NO;
				GCC_NO_COMMON_BLOCKS = YES;
				GCC_OPTIMIZATION_LEVEL = 0;
				GCC_PREPROCESSOR_DEFINITIONS = (
					"DEBUG=1",
					"$(inherited)",
				);
				GCC_WARN_64_TO_32_BIT_CONVERSION = YES;
				GCC_WARN_ABOUT_RETURN_TYPE = YES_ERROR;
				GCC_WARN_UNDECLARED_SELECTOR = YES;
				GCC_WARN_UNINITIALIZED_AUTOS = YES_AGGRESSIVE;
				GCC_WARN_UNUSED_FUNCTION = YES;
				GCC_WARN_UNUSED_VARIABLE = YES;
				IPHONEOS_DEPLOYMENT_TARGET = 17.0;
				LOCALIZATION_PREFERS_STRING_CATALOGS = YES;
				MTL_ENABLE_DEBUG_INFO = INCLUDE_SOURCE;
				MTL_FAST_MATH = YES;
				ONLY_ACTIVE_ARCH = YES;
				SDKROOT = iphoneos;
				SWIFT_ACTIVE_COMPILATION_CONDITIONS = "DEBUG $(inherited)";
				SWIFT_OPTIMIZATION_LEVEL = "-Onone";
			};
			name = Debug;
		};
		61AA93472B037AC00049A024 /* Release */ = {
			isa = XCBuildConfiguration;
			buildSettings = {
				ALWAYS_SEARCH_USER_PATHS = NO;
				ASSETCATALOG_COMPILER_GENERATE_SWIFT_ASSET_SYMBOL_EXTENSIONS = YES;
				CLANG_ANALYZER_NONNULL = YES;
				CLANG_ANALYZER_NUMBER_OBJECT_CONVERSION = YES_AGGRESSIVE;
				CLANG_CXX_LANGUAGE_STANDARD = "gnu++20";
				CLANG_ENABLE_MODULES = YES;
				CLANG_ENABLE_OBJC_ARC = YES;
				CLANG_ENABLE_OBJC_WEAK = YES;
				CLANG_WARN_BLOCK_CAPTURE_AUTORELEASING = YES;
				CLANG_WARN_BOOL_CONVERSION = YES;
				CLANG_WARN_COMMA = YES;
				CLANG_WARN_CONSTANT_CONVERSION = YES;
				CLANG_WARN_DEPRECATED_OBJC_IMPLEMENTATIONS = YES;
				CLANG_WARN_DIRECT_OBJC_ISA_USAGE = YES_ERROR;
				CLANG_WARN_DOCUMENTATION_COMMENTS = YES;
				CLANG_WARN_EMPTY_BODY = YES;
				CLANG_WARN_ENUM_CONVERSION = YES;
				CLANG_WARN_INFINITE_RECURSION = YES;
				CLANG_WARN_INT_CONVERSION = YES;
				CLANG_WARN_NON_LITERAL_NULL_CONVERSION = YES;
				CLANG_WARN_OBJC_IMPLICIT_RETAIN_SELF = YES;
				CLANG_WARN_OBJC_LITERAL_CONVERSION = YES;
				CLANG_WARN_OBJC_ROOT_CLASS = YES_ERROR;
				CLANG_WARN_QUOTED_INCLUDE_IN_FRAMEWORK_HEADER = YES;
				CLANG_WARN_RANGE_LOOP_ANALYSIS = YES;
				CLANG_WARN_STRICT_PROTOTYPES = YES;
				CLANG_WARN_SUSPICIOUS_MOVE = YES;
				CLANG_WARN_UNGUARDED_AVAILABILITY = YES_AGGRESSIVE;
				CLANG_WARN_UNREACHABLE_CODE = YES;
				CLANG_WARN__DUPLICATE_METHOD_MATCH = YES;
				COPY_PHASE_STRIP = NO;
				DEBUG_INFORMATION_FORMAT = "dwarf-with-dsym";
				ENABLE_NS_ASSERTIONS = NO;
				ENABLE_STRICT_OBJC_MSGSEND = YES;
				ENABLE_USER_SCRIPT_SANDBOXING = YES;
				GCC_C_LANGUAGE_STANDARD = gnu17;
				GCC_NO_COMMON_BLOCKS = YES;
				GCC_WARN_64_TO_32_BIT_CONVERSION = YES;
				GCC_WARN_ABOUT_RETURN_TYPE = YES_ERROR;
				GCC_WARN_UNDECLARED_SELECTOR = YES;
				GCC_WARN_UNINITIALIZED_AUTOS = YES_AGGRESSIVE;
				GCC_WARN_UNUSED_FUNCTION = YES;
				GCC_WARN_UNUSED_VARIABLE = YES;
				IPHONEOS_DEPLOYMENT_TARGET = 17.0;
				LOCALIZATION_PREFERS_STRING_CATALOGS = YES;
				MTL_ENABLE_DEBUG_INFO = NO;
				MTL_FAST_MATH = YES;
				SDKROOT = iphoneos;
				SWIFT_COMPILATION_MODE = wholemodule;
				VALIDATE_PRODUCT = YES;
			};
			name = Release;
		};
		61AA93492B037AC00049A024 /* Debug */ = {
			isa = XCBuildConfiguration;
			buildSettings = {
				ASSETCATALOG_COMPILER_APPICON_NAME = AppIcon;
				ASSETCATALOG_COMPILER_GLOBAL_ACCENT_COLOR_NAME = AccentColor;
				CODE_SIGN_STYLE = Automatic;
				CURRENT_PROJECT_VERSION = 1;
				DEVELOPMENT_ASSET_PATHS = "\"BitTrust/Preview Content\"";
				DEVELOPMENT_TEAM = PWD28R24HG;
				ENABLE_PREVIEWS = YES;
				GENERATE_INFOPLIST_FILE = YES;
				INFOPLIST_KEY_UIApplicationSceneManifest_Generation = YES;
				INFOPLIST_KEY_UIApplicationSupportsIndirectInputEvents = YES;
				INFOPLIST_KEY_UILaunchScreen_Generation = YES;
				INFOPLIST_KEY_UISupportedInterfaceOrientations_iPad = "UIInterfaceOrientationPortrait UIInterfaceOrientationPortraitUpsideDown UIInterfaceOrientationLandscapeLeft UIInterfaceOrientationLandscapeRight";
				INFOPLIST_KEY_UISupportedInterfaceOrientations_iPhone = "UIInterfaceOrientationPortrait UIInterfaceOrientationLandscapeLeft UIInterfaceOrientationLandscapeRight";
				LD_RUNPATH_SEARCH_PATHS = (
					"$(inherited)",
					"@executable_path/Frameworks",
				);
				MARKETING_VERSION = 1.0;
				PRODUCT_BUNDLE_IDENTIFIER = "com.Artiom-Porcescu.BitTrust";
				PRODUCT_NAME = "$(TARGET_NAME)";
				SUPPORTED_PLATFORMS = "iphoneos iphonesimulator";
				SUPPORTS_MACCATALYST = NO;
				SUPPORTS_MAC_DESIGNED_FOR_IPHONE_IPAD = NO;
				SWIFT_EMIT_LOC_STRINGS = YES;
				SWIFT_VERSION = 5.0;
				TARGETED_DEVICE_FAMILY = 1;
			};
			name = Debug;
		};
		61AA934A2B037AC00049A024 /* Release */ = {
			isa = XCBuildConfiguration;
			buildSettings = {
				ASSETCATALOG_COMPILER_APPICON_NAME = AppIcon;
				ASSETCATALOG_COMPILER_GLOBAL_ACCENT_COLOR_NAME = AccentColor;
				CODE_SIGN_STYLE = Automatic;
				CURRENT_PROJECT_VERSION = 1;
				DEVELOPMENT_ASSET_PATHS = "\"BitTrust/Preview Content\"";
				DEVELOPMENT_TEAM = PWD28R24HG;
				ENABLE_PREVIEWS = YES;
				GENERATE_INFOPLIST_FILE = YES;
				INFOPLIST_KEY_UIApplicationSceneManifest_Generation = YES;
				INFOPLIST_KEY_UIApplicationSupportsIndirectInputEvents = YES;
				INFOPLIST_KEY_UILaunchScreen_Generation = YES;
				INFOPLIST_KEY_UISupportedInterfaceOrientations_iPad = "UIInterfaceOrientationPortrait UIInterfaceOrientationPortraitUpsideDown UIInterfaceOrientationLandscapeLeft UIInterfaceOrientationLandscapeRight";
				INFOPLIST_KEY_UISupportedInterfaceOrientations_iPhone = "UIInterfaceOrientationPortrait UIInterfaceOrientationLandscapeLeft UIInterfaceOrientationLandscapeRight";
				LD_RUNPATH_SEARCH_PATHS = (
					"$(inherited)",
					"@executable_path/Frameworks",
				);
				MARKETING_VERSION = 1.0;
				PRODUCT_BUNDLE_IDENTIFIER = "com.Artiom-Porcescu.BitTrust";
				PRODUCT_NAME = "$(TARGET_NAME)";
				SUPPORTED_PLATFORMS = "iphoneos iphonesimulator";
				SUPPORTS_MACCATALYST = NO;
				SUPPORTS_MAC_DESIGNED_FOR_IPHONE_IPAD = NO;
				SWIFT_EMIT_LOC_STRINGS = YES;
				SWIFT_VERSION = 5.0;
				TARGETED_DEVICE_FAMILY = 1;
			};
			name = Release;
		};
/* End XCBuildConfiguration section */

/* Begin XCConfigurationList section */
		61AA93352B037ABF0049A024 /* Build configuration list for PBXProject "BitTrust" */ = {
			isa = XCConfigurationList;
			buildConfigurations = (
				61AA93462B037AC00049A024 /* Debug */,
				61AA93472B037AC00049A024 /* Release */,
			);
			defaultConfigurationIsVisible = 0;
			defaultConfigurationName = Release;
		};
		61AA93482B037AC00049A024 /* Build configuration list for PBXNativeTarget "BitTrust" */ = {
			isa = XCConfigurationList;
			buildConfigurations = (
				61AA93492B037AC00049A024 /* Debug */,
				61AA934A2B037AC00049A024 /* Release */,
			);
			defaultConfigurationIsVisible = 0;
			defaultConfigurationName = Release;
		};
/* End XCConfigurationList section */

/* Begin XCRemoteSwiftPackageReference section */
		61323C0B2B0CCF5D00D5BB47 /* XCRemoteSwiftPackageReference "ChartView" */ = {
			isa = XCRemoteSwiftPackageReference;
			repositoryURL = "https://github.com/AppPear/ChartView.git";
			requirement = {
				kind = upToNextMajorVersion;
				minimumVersion = 1.5.5;
			};
		};
		61AA938F2B04C43D0049A024 /* XCRemoteSwiftPackageReference "Marquee" */ = {
			isa = XCRemoteSwiftPackageReference;
			repositoryURL = "https://github.com/SwiftUIKit/Marquee";
			requirement = {
				kind = upToNextMajorVersion;
				minimumVersion = 0.3.0;
			};
		};
/* End XCRemoteSwiftPackageReference section */

/* Begin XCSwiftPackageProductDependency section */
		61323C0C2B0CCF5D00D5BB47 /* SwiftUICharts */ = {
			isa = XCSwiftPackageProductDependency;
			package = 61323C0B2B0CCF5D00D5BB47 /* XCRemoteSwiftPackageReference "ChartView" */;
			productName = SwiftUICharts;
		};
		61AA93902B04C43D0049A024 /* Marquee */ = {
			isa = XCSwiftPackageProductDependency;
			package = 61AA938F2B04C43D0049A024 /* XCRemoteSwiftPackageReference "Marquee" */;
			productName = Marquee;
		};
/* End XCSwiftPackageProductDependency section */
	};
	rootObject = 61AA93322B037ABF0049A024 /* Project object */;
}
